
Microsoft Visual Studio Solution File, Format Version 12.00
# Visual Studio 15
VisualStudioVersion = 15.0.28010.0
MinimumVisualStudioVersion = 10.0.40219.1
Project("{FAE04EC0-301F-11D3-BF4B-00C04F79EFBC}") = "TestPaasApp", "TestPaasApp\TestPaasApp.csproj", "{8877DD78-AED9-401D-AACE-7246C7AA3D83}"
EndProject
Global
	GlobalSection(SolutionConfigurationPlatforms) = preSolution
		Debug|Any CPU = Debug|Any CPU
		Release|Any CPU = Release|Any CPU
	EndGlobalSection
	GlobalSection(ProjectConfigurationPlatforms) = postSolution
		{8877DD78-AED9-401D-AACE-7246C7AA3D83}.Debug|Any CPU.ActiveCfg = Debug|Any CPU
		{8877DD78-AED9-401D-AACE-7246C7AA3D83}.Debug|Any CPU.Build.0 = Debug|Any CPU
		{8877DD78-AED9-401D-AACE-7246C7AA3D83}.Release|Any CPU.ActiveCfg = Release|Any CPU
		{8877DD78-AED9-401D-AACE-7246C7AA3D83}.Release|Any CPU.Build.0 = Release|Any CPU
	EndGlobalSection
	GlobalSection(SolutionProperties) = preSolution
		HideSolutionNode = FALSE
	EndGlobalSection
	GlobalSection(ExtensibilityGlobals) = postSolution
		SolutionGuid = {1E23BF28-45BB-4FEC-A274-AA6F76562353}
	EndGlobalSection
EndGlobal
